
Microsoft Visual Studio Solution File, Format Version 12.00
# Visual Studio Version 17
VisualStudioVersion = 17.5.002.0
MinimumVisualStudioVersion = 10.0.40219.1
Project("{2150E333-8FDC-42A3-9474-1A3956D46DE8}") = "csharp-prep", "csharp-prep", "{85D85D3F-B84F-4896-A319-1CB677040E80}"
EndProject
Project("{9A19103F-16F7-4668-BE54-9A1E7A4F7556}") = "Prep1", "csharp-prep\Prep1\Prep1.csproj", "{CD8EC08D-A4F7-45EE-A8D7-1C298224D770}"
EndProject
Project("{9A19103F-16F7-4668-BE54-9A1E7A4F7556}") = "Prep2", "csharp-prep\Prep2\Prep2.csproj", "{2B4B5FE5-AFC1-47BC-8361-2487FF22DD2A}"
EndProject
Project("{9A19103F-16F7-4668-BE54-9A1E7A4F7556}") = "Prep3", "csharp-prep\Prep3\Prep3.csproj", "{6BB2A907-3510-44A5-8106-CEF7F7F3A999}"
EndProject
Project("{9A19103F-16F7-4668-BE54-9A1E7A4F7556}") = "Prep4", "csharp-prep\Prep4\Prep4.csproj", "{35C6FCF2-3547-4F22-87A4-EE7BFDE63D66}"
EndProject
Project("{9A19103F-16F7-4668-BE54-9A1E7A4F7556}") = "Prep5", "csharp-prep\Prep5\Prep5.csproj", "{F8750199-8376-4379-8166-0ECF9EFED99C}"
EndProject
Project("{2150E333-8FDC-42A3-9474-1A3956D46DE8}") = "final", "final", "{F3DBCF05-0E3D-4382-A8CD-F7946C9E8AD1}"
EndProject
Project("{9A19103F-16F7-4668-BE54-9A1E7A4F7556}") = "FinalProject", "final\FinalProject\FinalProject.csproj", "{D7347495-556E-45CA-BCB4-69AF1861B7C5}"
EndProject
Project("{9A19103F-16F7-4668-BE54-9A1E7A4F7556}") = "Foundation1", "final\Foundation1\Foundation1.csproj", "{37D42468-B00A-480D-8152-4526268E87F9}"
EndProject
Project("{9A19103F-16F7-4668-BE54-9A1E7A4F7556}") = "Foundation2", "final\Foundation2\Foundation2.csproj", "{AFA0B108-38F8-479C-9872-99BCFB52C1BC}"
EndProject
Project("{9A19103F-16F7-4668-BE54-9A1E7A4F7556}") = "Foundation3", "final\Foundation3\Foundation3.csproj", "{DE9AA209-4361-4FD5-9F7A-2ECFDD5A8027}"
EndProject
Project("{9A19103F-16F7-4668-BE54-9A1E7A4F7556}") = "Foundation4", "final\Foundation4\Foundation4.csproj", "{9E51052F-29D2-46C9-8D80-2162DE869F6A}"
EndProject
Project("{2150E333-8FDC-42A3-9474-1A3956D46DE8}") = "prepare", "prepare", "{A53F7D62-DFB2-416C-A851-28B85CFBE20D}"
EndProject
Project("{9A19103F-16F7-4668-BE54-9A1E7A4F7556}") = "Learning02", "prepare\Learning02\Learning02.csproj", "{E9FD5983-9BB0-4295-A970-8C8916905787}"
EndProject
Project("{9A19103F-16F7-4668-BE54-9A1E7A4F7556}") = "Learning03", "prepare\Learning03\Learning03.csproj", "{660C6DD3-26F8-42A1-8DD6-059F3F227D58}"
EndProject
Project("{9A19103F-16F7-4668-BE54-9A1E7A4F7556}") = "Learning04", "prepare\Learning04\Learning04.csproj", "{90E547D5-BE6C-4219-A836-A0F4D686491E}"
EndProject
Project("{9A19103F-16F7-4668-BE54-9A1E7A4F7556}") = "Learning05", "prepare\Learning05\Learning05.csproj", "{C3B32B88-7844-406B-8FCB-D4C088B1DA29}"
EndProject
Project("{2150E333-8FDC-42A3-9474-1A3956D46DE8}") = "prove", "prove", "{3288E734-B8D7-4E73-974B-CCFFB2715058}"
EndProject
Project("{9A19103F-16F7-4668-BE54-9A1E7A4F7556}") = "Develop02", "prove\Develop02\Develop02.csproj", "{90D58CAC-4FD1-46CF-83A6-E8DF8A277C09}"
EndProject
Project("{9A19103F-16F7-4668-BE54-9A1E7A4F7556}") = "Develop03", "prove\Develop03\Develop03.csproj", "{9BA8BC97-AD9C-479C-9A88-60D80503275C}"
EndProject
Project("{9A19103F-16F7-4668-BE54-9A1E7A4F7556}") = "Develop04", "prove\Develop04\Develop04.csproj", "{3BE6BDD9-7556-409C-99EE-7DCC989A6AFC}"
EndProject
Project("{9A19103F-16F7-4668-BE54-9A1E7A4F7556}") = "Develop05", "prove\Develop05\Develop05.csproj", "{1349C169-BFAD-4BE9-9A04-31110D4F6B27}"
EndProject
Project("{2150E333-8FDC-42A3-9474-1A3956D46DE8}") = "sandbox", "sandbox", "{440E4478-0E54-434C-8337-EAF29510A619}"
EndProject
Project("{9A19103F-16F7-4668-BE54-9A1E7A4F7556}") = "Sandbox", "sandbox\Sandbox\Sandbox.csproj", "{87565D3D-08B1-4309-BB82-D50D8AED52AA}"
EndProject
Global
	GlobalSection(SolutionConfigurationPlatforms) = preSolution
		Debug|Any CPU = Debug|Any CPU
		Release|Any CPU = Release|Any CPU
	EndGlobalSection
	GlobalSection(ProjectConfigurationPlatforms) = postSolution
		{CD8EC08D-A4F7-45EE-A8D7-1C298224D770}.Debug|Any CPU.ActiveCfg = Debug|Any CPU
		{CD8EC08D-A4F7-45EE-A8D7-1C298224D770}.Debug|Any CPU.Build.0 = Debug|Any CPU
		{CD8EC08D-A4F7-45EE-A8D7-1C298224D770}.Release|Any CPU.ActiveCfg = Release|Any CPU
		{CD8EC08D-A4F7-45EE-A8D7-1C298224D770}.Release|Any CPU.Build.0 = Release|Any CPU
		{2B4B5FE5-AFC1-47BC-8361-2487FF22DD2A}.Debug|Any CPU.ActiveCfg = Debug|Any CPU
		{2B4B5FE5-AFC1-47BC-8361-2487FF22DD2A}.Debug|Any CPU.Build.0 = Debug|Any CPU
		{2B4B5FE5-AFC1-47BC-8361-2487FF22DD2A}.Release|Any CPU.ActiveCfg = Release|Any CPU
		{2B4B5FE5-AFC1-47BC-8361-2487FF22DD2A}.Release|Any CPU.Build.0 = Release|Any CPU
		{6BB2A907-3510-44A5-8106-CEF7F7F3A999}.Debug|Any CPU.ActiveCfg = Debug|Any CPU
		{6BB2A907-3510-44A5-8106-CEF7F7F3A999}.Debug|Any CPU.Build.0 = Debug|Any CPU
		{6BB2A907-3510-44A5-8106-CEF7F7F3A999}.Release|Any CPU.ActiveCfg = Release|Any CPU
		{6BB2A907-3510-44A5-8106-CEF7F7F3A999}.Release|Any CPU.Build.0 = Release|Any CPU
		{35C6FCF2-3547-4F22-87A4-EE7BFDE63D66}.Debug|Any CPU.ActiveCfg = Debug|Any CPU
		{35C6FCF2-3547-4F22-87A4-EE7BFDE63D66}.Debug|Any CPU.Build.0 = Debug|Any CPU
		{35C6FCF2-3547-4F22-87A4-EE7BFDE63D66}.Release|Any CPU.ActiveCfg = Release|Any CPU
		{35C6FCF2-3547-4F22-87A4-EE7BFDE63D66}.Release|Any CPU.Build.0 = Release|Any CPU
		{F8750199-8376-4379-8166-0ECF9EFED99C}.Debug|Any CPU.ActiveCfg = Debug|Any CPU
		{F8750199-8376-4379-8166-0ECF9EFED99C}.Debug|Any CPU.Build.0 = Debug|Any CPU
		{F8750199-8376-4379-8166-0ECF9EFED99C}.Release|Any CPU.ActiveCfg = Release|Any CPU
		{F8750199-8376-4379-8166-0ECF9EFED99C}.Release|Any CPU.Build.0 = Release|Any CPU
		{D7347495-556E-45CA-BCB4-69AF1861B7C5}.Debug|Any CPU.ActiveCfg = Debug|Any CPU
		{D7347495-556E-45CA-BCB4-69AF1861B7C5}.Debug|Any CPU.Build.0 = Debug|Any CPU
		{D7347495-556E-45CA-BCB4-69AF1861B7C5}.Release|Any CPU.ActiveCfg = Release|Any CPU
		{D7347495-556E-45CA-BCB4-69AF1861B7C5}.Release|Any CPU.Build.0 = Release|Any CPU
		{37D42468-B00A-480D-8152-4526268E87F9}.Debug|Any CPU.ActiveCfg = Debug|Any CPU
		{37D42468-B00A-480D-8152-4526268E87F9}.Debug|Any CPU.Build.0 = Debug|Any CPU
		{37D42468-B00A-480D-8152-4526268E87F9}.Release|Any CPU.ActiveCfg = Release|Any CPU
		{37D42468-B00A-480D-8152-4526268E87F9}.Release|Any CPU.Build.0 = Release|Any CPU
		{AFA0B108-38F8-479C-9872-99BCFB52C1BC}.Debug|Any CPU.ActiveCfg = Debug|Any CPU
		{AFA0B108-38F8-479C-9872-99BCFB52C1BC}.Debug|Any CPU.Build.0 = Debug|Any CPU
		{AFA0B108-38F8-479C-9872-99BCFB52C1BC}.Release|Any CPU.ActiveCfg = Release|Any CPU
		{AFA0B108-38F8-479C-9872-99BCFB52C1BC}.Release|Any CPU.Build.0 = Release|Any CPU
		{DE9AA209-4361-4FD5-9F7A-2ECFDD5A8027}.Debug|Any CPU.ActiveCfg = Debug|Any CPU
		{DE9AA209-4361-4FD5-9F7A-2ECFDD5A8027}.Debug|Any CPU.Build.0 = Debug|Any CPU
		{DE9AA209-4361-4FD5-9F7A-2ECFDD5A8027}.Release|Any CPU.ActiveCfg = Release|Any CPU
		{DE9AA209-4361-4FD5-9F7A-2ECFDD5A8027}.Release|Any CPU.Build.0 = Release|Any CPU
		{9E51052F-29D2-46C9-8D80-2162DE869F6A}.Debug|Any CPU.ActiveCfg = Debug|Any CPU
		{9E51052F-29D2-46C9-8D80-2162DE869F6A}.Debug|Any CPU.Build.0 = Debug|Any CPU
		{9E51052F-29D2-46C9-8D80-2162DE869F6A}.Release|Any CPU.ActiveCfg = Release|Any CPU
		{9E51052F-29D2-46C9-8D80-2162DE869F6A}.Release|Any CPU.Build.0 = Release|Any CPU
		{E9FD5983-9BB0-4295-A970-8C8916905787}.Debug|Any CPU.ActiveCfg = Debug|Any CPU
		{E9FD5983-9BB0-4295-A970-8C8916905787}.Debug|Any CPU.Build.0 = Debug|Any CPU
		{E9FD5983-9BB0-4295-A970-8C8916905787}.Release|Any CPU.ActiveCfg = Release|Any CPU
		{E9FD5983-9BB0-4295-A970-8C8916905787}.Release|Any CPU.Build.0 = Release|Any CPU
		{660C6DD3-26F8-42A1-8DD6-059F3F227D58}.Debug|Any CPU.ActiveCfg = Debug|Any CPU
		{660C6DD3-26F8-42A1-8DD6-059F3F227D58}.Debug|Any CPU.Build.0 = Debug|Any CPU
		{660C6DD3-26F8-42A1-8DD6-059F3F227D58}.Release|Any CPU.ActiveCfg = Release|Any CPU
		{660C6DD3-26F8-42A1-8DD6-059F3F227D58}.Release|Any CPU.Build.0 = Release|Any CPU
		{90E547D5-BE6C-4219-A836-A0F4D686491E}.Debug|Any CPU.ActiveCfg = Debug|Any CPU
		{90E547D5-BE6C-4219-A836-A0F4D686491E}.Debug|Any CPU.Build.0 = Debug|Any CPU
		{90E547D5-BE6C-4219-A836-A0F4D686491E}.Release|Any CPU.ActiveCfg = Release|Any CPU
		{90E547D5-BE6C-4219-A836-A0F4D686491E}.Release|Any CPU.Build.0 = Release|Any CPU
		{C3B32B88-7844-406B-8FCB-D4C088B1DA29}.Debug|Any CPU.ActiveCfg = Debug|Any CPU
		{C3B32B88-7844-406B-8FCB-D4C088B1DA29}.Debug|Any CPU.Build.0 = Debug|Any CPU
		{C3B32B88-7844-406B-8FCB-D4C088B1DA29}.Release|Any CPU.ActiveCfg = Release|Any CPU
		{C3B32B88-7844-406B-8FCB-D4C088B1DA29}.Release|Any CPU.Build.0 = Release|Any CPU
		{90D58CAC-4FD1-46CF-83A6-E8DF8A277C09}.Debug|Any CPU.ActiveCfg = Debug|Any CPU
		{90D58CAC-4FD1-46CF-83A6-E8DF8A277C09}.Debug|Any CPU.Build.0 = Debug|Any CPU
		{90D58CAC-4FD1-46CF-83A6-E8DF8A277C09}.Release|Any CPU.ActiveCfg = Release|Any CPU
		{90D58CAC-4FD1-46CF-83A6-E8DF8A277C09}.Release|Any CPU.Build.0 = Release|Any CPU
		{9BA8BC97-AD9C-479C-9A88-60D80503275C}.Debug|Any CPU.ActiveCfg = Debug|Any CPU
		{9BA8BC97-AD9C-479C-9A88-60D80503275C}.Debug|Any CPU.Build.0 = Debug|Any CPU
		{9BA8BC97-AD9C-479C-9A88-60D80503275C}.Release|Any CPU.ActiveCfg = Release|Any CPU
		{9BA8BC97-AD9C-479C-9A88-60D80503275C}.Release|Any CPU.Build.0 = Release|Any CPU
		{3BE6BDD9-7556-409C-99EE-7DCC989A6AFC}.Debug|Any CPU.ActiveCfg = Debug|Any CPU
		{3BE6BDD9-7556-409C-99EE-7DCC989A6AFC}.Debug|Any CPU.Build.0 = Debug|Any CPU
		{3BE6BDD9-7556-409C-99EE-7DCC989A6AFC}.Release|Any CPU.ActiveCfg = Release|Any CPU
		{3BE6BDD9-7556-409C-99EE-7DCC989A6AFC}.Release|Any CPU.Build.0 = Release|Any CPU
		{1349C169-BFAD-4BE9-9A04-31110D4F6B27}.Debug|Any CPU.ActiveCfg = Debug|Any CPU
		{1349C169-BFAD-4BE9-9A04-31110D4F6B27}.Debug|Any CPU.Build.0 = Debug|Any CPU
		{1349C169-BFAD-4BE9-9A04-31110D4F6B27}.Release|Any CPU.ActiveCfg = Release|Any CPU
		{1349C169-BFAD-4BE9-9A04-31110D4F6B27}.Release|Any CPU.Build.0 = Release|Any CPU
		{87565D3D-08B1-4309-BB82-D50D8AED52AA}.Debug|Any CPU.ActiveCfg = Debug|Any CPU
		{87565D3D-08B1-4309-BB82-D50D8AED52AA}.Debug|Any CPU.Build.0 = Debug|Any CPU
		{87565D3D-08B1-4309-BB82-D50D8AED52AA}.Release|Any CPU.ActiveCfg = Release|Any CPU
		{87565D3D-08B1-4309-BB82-D50D8AED52AA}.Release|Any CPU.Build.0 = Release|Any CPU
	EndGlobalSection
	GlobalSection(SolutionProperties) = preSolution
		HideSolutionNode = FALSE
	EndGlobalSection
	GlobalSection(NestedProjects) = preSolution
		{CD8EC08D-A4F7-45EE-A8D7-1C298224D770} = {85D85D3F-B84F-4896-A319-1CB677040E80}
		{2B4B5FE5-AFC1-47BC-8361-2487FF22DD2A} = {85D85D3F-B84F-4896-A319-1CB677040E80}
		{6BB2A907-3510-44A5-8106-CEF7F7F3A999} = {85D85D3F-B84F-4896-A319-1CB677040E80}
		{35C6FCF2-3547-4F22-87A4-EE7BFDE63D66} = {85D85D3F-B84F-4896-A319-1CB677040E80}
		{F8750199-8376-4379-8166-0ECF9EFED99C} = {85D85D3F-B84F-4896-A319-1CB677040E80}
		{D7347495-556E-45CA-BCB4-69AF1861B7C5} = {F3DBCF05-0E3D-4382-A8CD-F7946C9E8AD1}
		{37D42468-B00A-480D-8152-4526268E87F9} = {F3DBCF05-0E3D-4382-A8CD-F7946C9E8AD1}
		{AFA0B108-38F8-479C-9872-99BCFB52C1BC} = {F3DBCF05-0E3D-4382-A8CD-F7946C9E8AD1}
		{DE9AA209-4361-4FD5-9F7A-2ECFDD5A8027} = {F3DBCF05-0E3D-4382-A8CD-F7946C9E8AD1}
		{9E51052F-29D2-46C9-8D80-2162DE869F6A} = {F3DBCF05-0E3D-4382-A8CD-F7946C9E8AD1}
		{E9FD5983-9BB0-4295-A970-8C8916905787} = {A53F7D62-DFB2-416C-A851-28B85CFBE20D}
		{660C6DD3-26F8-42A1-8DD6-059F3F227D58} = {A53F7D62-DFB2-416C-A851-28B85CFBE20D}
		{90E547D5-BE6C-4219-A836-A0F4D686491E} = {A53F7D62-DFB2-416C-A851-28B85CFBE20D}
		{C3B32B88-7844-406B-8FCB-D4C088B1DA29} = {A53F7D62-DFB2-416C-A851-28B85CFBE20D}
		{90D58CAC-4FD1-46CF-83A6-E8DF8A277C09} = {3288E734-B8D7-4E73-974B-CCFFB2715058}
		{9BA8BC97-AD9C-479C-9A88-60D80503275C} = {3288E734-B8D7-4E73-974B-CCFFB2715058}
		{3BE6BDD9-7556-409C-99EE-7DCC989A6AFC} = {3288E734-B8D7-4E73-974B-CCFFB2715058}
		{1349C169-BFAD-4BE9-9A04-31110D4F6B27} = {3288E734-B8D7-4E73-974B-CCFFB2715058}
		{87565D3D-08B1-4309-BB82-D50D8AED52AA} = {440E4478-0E54-434C-8337-EAF29510A619}
	EndGlobalSection
	GlobalSection(ExtensibilityGlobals) = postSolution
		SolutionGuid = {F113FD17-852A-4E9A-81FC-594B9224FE63}
	EndGlobalSection
EndGlobal
